
Microsoft Visual Studio Solution File, Format Version 12.00
# Visual Studio Version 17
VisualStudioVersion = 17.5.33516.290
MinimumVisualStudioVersion = 10.0.40219.1
Project("{FAE04EC0-301F-11D3-BF4B-00C04F79EFBC}") = "VoltPlusPlus.Android", "VoltPlusPlus.Android\VoltPlusPlus.Android.csproj", "{1D3FE5C9-04BE-4C31-A4B6-E6BCEF8CAAAD}"
EndProject
Project("{FAE04EC0-301F-11D3-BF4B-00C04F79EFBC}") = "VoltPlusPlus.iOS", "VoltPlusPlus.iOS\VoltPlusPlus.iOS.csproj", "{9D31218E-5036-481E-9136-60D2EB580F83}"
EndProject
Project("{FAE04EC0-301F-11D3-BF4B-00C04F79EFBC}") = "VoltPlusPlus", "VoltPlusPlus\VoltPlusPlus.csproj", "{D984CD45-AA07-4FD6-A4E6-4A8C8832AC1F}"
EndProject
Global
	GlobalSection(SolutionConfigurationPlatforms) = preSolution
		Debug|Any CPU = Debug|Any CPU
		Debug|iPhone = Debug|iPhone
		Debug|iPhoneSimulator = Debug|iPhoneSimulator
		Release|Any CPU = Release|Any CPU
		Release|iPhone = Release|iPhone
		Release|iPhoneSimulator = Release|iPhoneSimulator
	EndGlobalSection
	GlobalSection(ProjectConfigurationPlatforms) = postSolution
		{1D3FE5C9-04BE-4C31-A4B6-E6BCEF8CAAAD}.Debug|Any CPU.ActiveCfg = Debug|Any CPU
		{1D3FE5C9-04BE-4C31-A4B6-E6BCEF8CAAAD}.Debug|Any CPU.Build.0 = Debug|Any CPU
		{1D3FE5C9-04BE-4C31-A4B6-E6BCEF8CAAAD}.Debug|Any CPU.Deploy.0 = Debug|Any CPU
		{1D3FE5C9-04BE-4C31-A4B6-E6BCEF8CAAAD}.Debug|iPhone.ActiveCfg = Debug|Any CPU
		{1D3FE5C9-04BE-4C31-A4B6-E6BCEF8CAAAD}.Debug|iPhone.Build.0 = Debug|Any CPU
		{1D3FE5C9-04BE-4C31-A4B6-E6BCEF8CAAAD}.Debug|iPhone.Deploy.0 = Debug|Any CPU
		{1D3FE5C9-04BE-4C31-A4B6-E6BCEF8CAAAD}.Debug|iPhoneSimulator.ActiveCfg = Debug|Any CPU
		{1D3FE5C9-04BE-4C31-A4B6-E6BCEF8CAAAD}.Debug|iPhoneSimulator.Build.0 = Debug|Any CPU
		{1D3FE5C9-04BE-4C31-A4B6-E6BCEF8CAAAD}.Debug|iPhoneSimulator.Deploy.0 = Debug|Any CPU
		{1D3FE5C9-04BE-4C31-A4B6-E6BCEF8CAAAD}.Release|Any CPU.ActiveCfg = Release|Any CPU
		{1D3FE5C9-04BE-4C31-A4B6-E6BCEF8CAAAD}.Release|Any CPU.Build.0 = Release|Any CPU
		{1D3FE5C9-04BE-4C31-A4B6-E6BCEF8CAAAD}.Release|Any CPU.Deploy.0 = Release|Any CPU
		{1D3FE5C9-04BE-4C31-A4B6-E6BCEF8CAAAD}.Release|iPhone.ActiveCfg = Release|Any CPU
		{1D3FE5C9-04BE-4C31-A4B6-E6BCEF8CAAAD}.Release|iPhone.Build.0 = Release|Any CPU
		{1D3FE5C9-04BE-4C31-A4B6-E6BCEF8CAAAD}.Release|iPhone.Deploy.0 = Release|Any CPU
		{1D3FE5C9-04BE-4C31-A4B6-E6BCEF8CAAAD}.Release|iPhoneSimulator.ActiveCfg = Release|Any CPU
		{1D3FE5C9-04BE-4C31-A4B6-E6BCEF8CAAAD}.Release|iPhoneSimulator.Build.0 = Release|Any CPU
		{1D3FE5C9-04BE-4C31-A4B6-E6BCEF8CAAAD}.Release|iPhoneSimulator.Deploy.0 = Release|Any CPU
		{9D31218E-5036-481E-9136-60D2EB580F83}.Debug|Any CPU.ActiveCfg = Debug|iPhone
		{9D31218E-5036-481E-9136-60D2EB580F83}.Debug|Any CPU.Build.0 = Debug|iPhone
		{9D31218E-5036-481E-9136-60D2EB580F83}.Debug|Any CPU.Deploy.0 = Debug|iPhone
		{9D31218E-5036-481E-9136-60D2EB580F83}.Debug|iPhone.ActiveCfg = Debug|iPhone
		{9D31218E-5036-481E-9136-60D2EB580F83}.Debug|iPhone.Build.0 = Debug|iPhone
		{9D31218E-5036-481E-9136-60D2EB580F83}.Debug|iPhone.Deploy.0 = Debug|iPhone
		{9D31218E-5036-481E-9136-60D2EB580F83}.Debug|iPhoneSimulator.ActiveCfg = Debug|iPhoneSimulator
		{9D31218E-5036-481E-9136-60D2EB580F83}.Debug|iPhoneSimulator.Build.0 = Debug|iPhoneSimulator
		{9D31218E-5036-481E-9136-60D2EB580F83}.Debug|iPhoneSimulator.Deploy.0 = Debug|iPhoneSimulator
		{9D31218E-5036-481E-9136-60D2EB580F83}.Release|Any CPU.ActiveCfg = Release|iPhoneSimulator
		{9D31218E-5036-481E-9136-60D2EB580F83}.Release|Any CPU.Build.0 = Release|iPhoneSimulator
		{9D31218E-5036-481E-9136-60D2EB580F83}.Release|Any CPU.Deploy.0 = Release|iPhoneSimulator
		{9D31218E-5036-481E-9136-60D2EB580F83}.Release|iPhone.ActiveCfg = Release|iPhone
		{9D31218E-5036-481E-9136-60D2EB580F83}.Release|iPhone.Build.0 = Release|iPhone
		{9D31218E-5036-481E-9136-60D2EB580F83}.Release|iPhone.Deploy.0 = Release|iPhone
		{9D31218E-5036-481E-9136-60D2EB580F83}.Release|iPhoneSimulator.ActiveCfg = Release|iPhoneSimulator
		{9D31218E-5036-481E-9136-60D2EB580F83}.Release|iPhoneSimulator.Build.0 = Release|iPhoneSimulator
		{9D31218E-5036-481E-9136-60D2EB580F83}.Release|iPhoneSimulator.Deploy.0 = Release|iPhoneSimulator
		{D984CD45-AA07-4FD6-A4E6-4A8C8832AC1F}.Debug|Any CPU.ActiveCfg = Debug|Any CPU
		{D984CD45-AA07-4FD6-A4E6-4A8C8832AC1F}.Debug|Any CPU.Build.0 = Debug|Any CPU
		{D984CD45-AA07-4FD6-A4E6-4A8C8832AC1F}.Debug|Any CPU.Deploy.0 = Debug|Any CPU
		{D984CD45-AA07-4FD6-A4E6-4A8C8832AC1F}.Debug|iPhone.ActiveCfg = Debug|Any CPU
		{D984CD45-AA07-4FD6-A4E6-4A8C8832AC1F}.Debug|iPhone.Build.0 = Debug|Any CPU
		{D984CD45-AA07-4FD6-A4E6-4A8C8832AC1F}.Debug|iPhone.Deploy.0 = Debug|Any CPU
		{D984CD45-AA07-4FD6-A4E6-4A8C8832AC1F}.Debug|iPhoneSimulator.ActiveCfg = Debug|Any CPU
		{D984CD45-AA07-4FD6-A4E6-4A8C8832AC1F}.Debug|iPhoneSimulator.Build.0 = Debug|Any CPU
		{D984CD45-AA07-4FD6-A4E6-4A8C8832AC1F}.Debug|iPhoneSimulator.Deploy.0 = Debug|Any CPU
		{D984CD45-AA07-4FD6-A4E6-4A8C8832AC1F}.Release|Any CPU.ActiveCfg = Release|Any CPU
		{D984CD45-AA07-4FD6-A4E6-4A8C8832AC1F}.Release|Any CPU.Build.0 = Release|Any CPU
		{D984CD45-AA07-4FD6-A4E6-4A8C8832AC1F}.Release|Any CPU.Deploy.0 = Release|Any CPU
		{D984CD45-AA07-4FD6-A4E6-4A8C8832AC1F}.Release|iPhone.ActiveCfg = Release|Any CPU
		{D984CD45-AA07-4FD6-A4E6-4A8C8832AC1F}.Release|iPhone.Build.0 = Release|Any CPU
		{D984CD45-AA07-4FD6-A4E6-4A8C8832AC1F}.Release|iPhone.Deploy.0 = Release|Any CPU
		{D984CD45-AA07-4FD6-A4E6-4A8C8832AC1F}.Release|iPhoneSimulator.ActiveCfg = Release|Any CPU
		{D984CD45-AA07-4FD6-A4E6-4A8C8832AC1F}.Release|iPhoneSimulator.Build.0 = Release|Any CPU
		{D984CD45-AA07-4FD6-A4E6-4A8C8832AC1F}.Release|iPhoneSimulator.Deploy.0 = Release|Any CPU
	EndGlobalSection
	GlobalSection(SolutionProperties) = preSolution
		HideSolutionNode = FALSE
	EndGlobalSection
	GlobalSection(ExtensibilityGlobals) = postSolution
		SolutionGuid = {3BAEF179-E385-4A56-A28F-3B4F8EE8D335}
	EndGlobalSection
EndGlobal
